// !$*UTF8*$!
{
	archiveVersion = 1;
	classes = {
	};
	objectVersion = 56;
	objects = {

/* Begin PBXBuildFile section */
		5F8195872A1D055300C06B32 /* HomeView.swift in Sources */ = {isa = PBXBuildFile; fileRef = 5F8195862A1D055300C06B32 /* HomeView.swift */; };
		5F8195892A1D055F00C06B32 /* HomeViewModel.swift in Sources */ = {isa = PBXBuildFile; fileRef = 5F8195882A1D055F00C06B32 /* HomeViewModel.swift */; };
		5F81958B2A1D058E00C06B32 /* PhotoDeviceManager.swift in Sources */ = {isa = PBXBuildFile; fileRef = 5F81958A2A1D058E00C06B32 /* PhotoDeviceManager.swift */; };
		5F81958D2A1D059F00C06B32 /* Pantry.swift in Sources */ = {isa = PBXBuildFile; fileRef = 5F81958C2A1D059F00C06B32 /* Pantry.swift */; };
		5F8195932A1D05DA00C06B32 /* RegisterView.swift in Sources */ = {isa = PBXBuildFile; fileRef = 5F8195922A1D05DA00C06B32 /* RegisterView.swift */; };
		5F8195972A1D060100C06B32 /* RegisterViewModel.swift in Sources */ = {isa = PBXBuildFile; fileRef = 5F8195962A1D060100C06B32 /* RegisterViewModel.swift */; };
		5F8195992A1D062700C06B32 /* LoginView.swift in Sources */ = {isa = PBXBuildFile; fileRef = 5F8195982A1D062700C06B32 /* LoginView.swift */; };
		5F81959B2A1D064300C06B32 /* LoginViewModel.swift in Sources */ = {isa = PBXBuildFile; fileRef = 5F81959A2A1D064300C06B32 /* LoginViewModel.swift */; };
		5F81959D2A1D065C00C06B32 /* LoginWidget.swift in Sources */ = {isa = PBXBuildFile; fileRef = 5F81959C2A1D065C00C06B32 /* LoginWidget.swift */; };
		5F81959F2A1D066A00C06B32 /* RegisterWidget.swift in Sources */ = {isa = PBXBuildFile; fileRef = 5F81959E2A1D066A00C06B32 /* RegisterWidget.swift */; };
		5F8195A22A1D068300C06B32 /* HomeWidget.swift in Sources */ = {isa = PBXBuildFile; fileRef = 5F8195A12A1D068300C06B32 /* HomeWidget.swift */; };
		5F8195A92A1D06F100C06B32 /* OnBoardingView.swift in Sources */ = {isa = PBXBuildFile; fileRef = 5F8195A82A1D06F100C06B32 /* OnBoardingView.swift */; };
		5F8195AB2A1D070400C06B32 /* OnBoardingViewModel.swift in Sources */ = {isa = PBXBuildFile; fileRef = 5F8195AA2A1D070400C06B32 /* OnBoardingViewModel.swift */; };
		5F8195AD2A1D071900C06B32 /* OnBoardingWidget.swift in Sources */ = {isa = PBXBuildFile; fileRef = 5F8195AC2A1D071900C06B32 /* OnBoardingWidget.swift */; };
		5FCB18522A0A9B0B00B968FE /* PantryApp.swift in Sources */ = {isa = PBXBuildFile; fileRef = 5FCB18512A0A9B0B00B968FE /* PantryApp.swift */; };
		5FCB18562A0A9B0C00B968FE /* Assets.xcassets in Resources */ = {isa = PBXBuildFile; fileRef = 5FCB18552A0A9B0C00B968FE /* Assets.xcassets */; };
		5FCB18592A0A9B0C00B968FE /* Preview Assets.xcassets in Resources */ = {isa = PBXBuildFile; fileRef = 5FCB18582A0A9B0C00B968FE /* Preview Assets.xcassets */; };
/* End PBXBuildFile section */

/* Begin PBXFileReference section */
		5F8195862A1D055300C06B32 /* HomeView.swift */ = {isa = PBXFileReference; lastKnownFileType = sourcecode.swift; path = HomeView.swift; sourceTree = "<group>"; };
		5F8195882A1D055F00C06B32 /* HomeViewModel.swift */ = {isa = PBXFileReference; lastKnownFileType = sourcecode.swift; path = HomeViewModel.swift; sourceTree = "<group>"; };
		5F81958A2A1D058E00C06B32 /* PhotoDeviceManager.swift */ = {isa = PBXFileReference; lastKnownFileType = sourcecode.swift; path = PhotoDeviceManager.swift; sourceTree = "<group>"; };
		5F81958C2A1D059F00C06B32 /* Pantry.swift */ = {isa = PBXFileReference; lastKnownFileType = sourcecode.swift; path = Pantry.swift; sourceTree = "<group>"; };
		5F8195922A1D05DA00C06B32 /* RegisterView.swift */ = {isa = PBXFileReference; lastKnownFileType = sourcecode.swift; path = RegisterView.swift; sourceTree = "<group>"; };
		5F8195962A1D060100C06B32 /* RegisterViewModel.swift */ = {isa = PBXFileReference; lastKnownFileType = sourcecode.swift; path = RegisterViewModel.swift; sourceTree = "<group>"; };
		5F8195982A1D062700C06B32 /* LoginView.swift */ = {isa = PBXFileReference; lastKnownFileType = sourcecode.swift; path = LoginView.swift; sourceTree = "<group>"; };
		5F81959A2A1D064300C06B32 /* LoginViewModel.swift */ = {isa = PBXFileReference; lastKnownFileType = sourcecode.swift; path = LoginViewModel.swift; sourceTree = "<group>"; };
		5F81959C2A1D065C00C06B32 /* LoginWidget.swift */ = {isa = PBXFileReference; lastKnownFileType = sourcecode.swift; path = LoginWidget.swift; sourceTree = "<group>"; };
		5F81959E2A1D066A00C06B32 /* RegisterWidget.swift */ = {isa = PBXFileReference; lastKnownFileType = sourcecode.swift; path = RegisterWidget.swift; sourceTree = "<group>"; };
		5F8195A12A1D068300C06B32 /* HomeWidget.swift */ = {isa = PBXFileReference; lastKnownFileType = sourcecode.swift; path = HomeWidget.swift; sourceTree = "<group>"; };
		5F8195A82A1D06F100C06B32 /* OnBoardingView.swift */ = {isa = PBXFileReference; lastKnownFileType = sourcecode.swift; path = OnBoardingView.swift; sourceTree = "<group>"; };
		5F8195AA2A1D070400C06B32 /* OnBoardingViewModel.swift */ = {isa = PBXFileReference; lastKnownFileType = sourcecode.swift; path = OnBoardingViewModel.swift; sourceTree = "<group>"; };
		5F8195AC2A1D071900C06B32 /* OnBoardingWidget.swift */ = {isa = PBXFileReference; lastKnownFileType = sourcecode.swift; path = OnBoardingWidget.swift; sourceTree = "<group>"; };
		5FCB184E2A0A9B0B00B968FE /* PantryApp.app */ = {isa = PBXFileReference; explicitFileType = wrapper.application; includeInIndex = 0; path = PantryApp.app; sourceTree = BUILT_PRODUCTS_DIR; };
		5FCB18512A0A9B0B00B968FE /* PantryApp.swift */ = {isa = PBXFileReference; lastKnownFileType = sourcecode.swift; path = PantryApp.swift; sourceTree = "<group>"; };
		5FCB18552A0A9B0C00B968FE /* Assets.xcassets */ = {isa = PBXFileReference; lastKnownFileType = folder.assetcatalog; path = Assets.xcassets; sourceTree = "<group>"; };
		5FCB18582A0A9B0C00B968FE /* Preview Assets.xcassets */ = {isa = PBXFileReference; lastKnownFileType = folder.assetcatalog; path = "Preview Assets.xcassets"; sourceTree = "<group>"; };
/* End PBXFileReference section */

/* Begin PBXFrameworksBuildPhase section */
		5FCB184B2A0A9B0B00B968FE /* Frameworks */ = {
			isa = PBXFrameworksBuildPhase;
			buildActionMask = 2147483647;
			files = (
			);
			runOnlyForDeploymentPostprocessing = 0;
		};
/* End PBXFrameworksBuildPhase section */

/* Begin PBXGroup section */
		5F81957C2A1D048A00C06B32 /* Models */ = {
			isa = PBXGroup;
			children = (
				5F81958C2A1D059F00C06B32 /* Pantry.swift */,
			);
			path = Models;
			sourceTree = "<group>";
		};
		5F81957D2A1D049200C06B32 /* Managers */ = {
			isa = PBXGroup;
			children = (
				5F81958A2A1D058E00C06B32 /* PhotoDeviceManager.swift */,
			);
			path = Managers;
			sourceTree = "<group>";
		};
		5F81957E2A1D049B00C06B32 /* Extensions */ = {
			isa = PBXGroup;
			children = (
			);
			path = Extensions;
			sourceTree = "<group>";
		};
		5F81957F2A1D04A600C06B32 /* App */ = {
			isa = PBXGroup;
			children = (
				5FCB18512A0A9B0B00B968FE /* PantryApp.swift */,
			);
			path = App;
			sourceTree = "<group>";
		};
		5F8195802A1D04AD00C06B32 /* Core */ = {
			isa = PBXGroup;
			children = (
				5F8195A32A1D06B200C06B32 /* OnBoarding */,
				5F8195832A1D052800C06B32 /* Home */,
				5F8195822A1D051D00C06B32 /* Register */,
				5F8195812A1D051500C06B32 /* Login */,
			);
			path = Core;
			sourceTree = "<group>";
		};
		5F8195812A1D051500C06B32 /* Login */ = {
			isa = PBXGroup;
			children = (
				5F8195952A1D05EA00C06B32 /* Widgets */,
				5F8195912A1D05C500C06B32 /* Views */,
				5F8195902A1D05BF00C06B32 /* ViewModel */,
			);
			path = Login;
			sourceTree = "<group>";
		};
		5F8195822A1D051D00C06B32 /* Register */ = {
			isa = PBXGroup;
			children = (
				5F8195942A1D05E100C06B32 /* Widgets */,
				5F81958F2A1D05B500C06B32 /* Views */,
				5F81958E2A1D05A900C06B32 /* ViewModel */,
			);
			path = Register;
			sourceTree = "<group>";
		};
		5F8195832A1D052800C06B32 /* Home */ = {
			isa = PBXGroup;
			children = (
				5F8195A02A1D067200C06B32 /* Widgets */,
				5F8195852A1D054000C06B32 /* ViewModel */,
				5F8195842A1D053200C06B32 /* Views */,
			);
			path = Home;
			sourceTree = "<group>";
		};
		5F8195842A1D053200C06B32 /* Views */ = {
			isa = PBXGroup;
			children = (
				5F8195862A1D055300C06B32 /* HomeView.swift */,
			);
			path = Views;
			sourceTree = "<group>";
		};
		5F8195852A1D054000C06B32 /* ViewModel */ = {
			isa = PBXGroup;
			children = (
				5F8195882A1D055F00C06B32 /* HomeViewModel.swift */,
			);
			path = ViewModel;
			sourceTree = "<group>";
		};
		5F81958E2A1D05A900C06B32 /* ViewModel */ = {
			isa = PBXGroup;
			children = (
				5F8195962A1D060100C06B32 /* RegisterViewModel.swift */,
			);
			path = ViewModel;
			sourceTree = "<group>";
		};
		5F81958F2A1D05B500C06B32 /* Views */ = {
			isa = PBXGroup;
			children = (
				5F8195922A1D05DA00C06B32 /* RegisterView.swift */,
			);
			path = Views;
			sourceTree = "<group>";
		};
		5F8195902A1D05BF00C06B32 /* ViewModel */ = {
			isa = PBXGroup;
			children = (
				5F81959A2A1D064300C06B32 /* LoginViewModel.swift */,
			);
			path = ViewModel;
			sourceTree = "<group>";
		};
		5F8195912A1D05C500C06B32 /* Views */ = {
			isa = PBXGroup;
			children = (
				5F8195982A1D062700C06B32 /* LoginView.swift */,
			);
			path = Views;
			sourceTree = "<group>";
		};
		5F8195942A1D05E100C06B32 /* Widgets */ = {
			isa = PBXGroup;
			children = (
				5F81959E2A1D066A00C06B32 /* RegisterWidget.swift */,
			);
			path = Widgets;
			sourceTree = "<group>";
		};
		5F8195952A1D05EA00C06B32 /* Widgets */ = {
			isa = PBXGroup;
			children = (
				5F81959C2A1D065C00C06B32 /* LoginWidget.swift */,
			);
			path = Widgets;
			sourceTree = "<group>";
		};
		5F8195A02A1D067200C06B32 /* Widgets */ = {
			isa = PBXGroup;
			children = (
				5F8195A12A1D068300C06B32 /* HomeWidget.swift */,
			);
			path = Widgets;
			sourceTree = "<group>";
		};
		5F8195A32A1D06B200C06B32 /* OnBoarding */ = {
			isa = PBXGroup;
			children = (
				5F8195A72A1D06DF00C06B32 /* Widgets */,
				5F8195A62A1D06D600C06B32 /* ViewModel */,
				5F8195A42A1D06BD00C06B32 /* Views */,
			);
			path = OnBoarding;
			sourceTree = "<group>";
		};
		5F8195A42A1D06BD00C06B32 /* Views */ = {
			isa = PBXGroup;
			children = (
				5F8195A82A1D06F100C06B32 /* OnBoardingView.swift */,
			);
			path = Views;
			sourceTree = "<group>";
		};
		5F8195A62A1D06D600C06B32 /* ViewModel */ = {
			isa = PBXGroup;
			children = (
				5F8195AA2A1D070400C06B32 /* OnBoardingViewModel.swift */,
			);
			path = ViewModel;
			sourceTree = "<group>";
		};
		5F8195A72A1D06DF00C06B32 /* Widgets */ = {
			isa = PBXGroup;
			children = (
				5F8195AC2A1D071900C06B32 /* OnBoardingWidget.swift */,
			);
			path = Widgets;
			sourceTree = "<group>";
		};
		5FCB18452A0A9B0B00B968FE = {
			isa = PBXGroup;
			children = (
				5FCB18502A0A9B0B00B968FE /* PantryApp */,
				5FCB184F2A0A9B0B00B968FE /* Products */,
			);
			sourceTree = "<group>";
		};
		5FCB184F2A0A9B0B00B968FE /* Products */ = {
			isa = PBXGroup;
			children = (
				5FCB184E2A0A9B0B00B968FE /* PantryApp.app */,
			);
			name = Products;
			sourceTree = "<group>";
		};
		5FCB18502A0A9B0B00B968FE /* PantryApp */ = {
			isa = PBXGroup;
			children = (
				5F81957F2A1D04A600C06B32 /* App */,
				5F81957E2A1D049B00C06B32 /* Extensions */,
				5F81957D2A1D049200C06B32 /* Managers */,
				5F81957C2A1D048A00C06B32 /* Models */,
				5F8195802A1D04AD00C06B32 /* Core */,
				5FCB18552A0A9B0C00B968FE /* Assets.xcassets */,
				5FCB18572A0A9B0C00B968FE /* Preview Content */,
			);
			path = PantryApp;
			sourceTree = "<group>";
		};
		5FCB18572A0A9B0C00B968FE /* Preview Content */ = {
			isa = PBXGroup;
			children = (
				5FCB18582A0A9B0C00B968FE /* Preview Assets.xcassets */,
			);
			path = "Preview Content";
			sourceTree = "<group>";
		};
/* End PBXGroup section */

/* Begin PBXNativeTarget section */
		5FCB184D2A0A9B0B00B968FE /* PantryApp */ = {
			isa = PBXNativeTarget;
			buildConfigurationList = 5FCB185C2A0A9B0C00B968FE /* Build configuration list for PBXNativeTarget "PantryApp" */;
			buildPhases = (
				5FCB184A2A0A9B0B00B968FE /* Sources */,
				5FCB184B2A0A9B0B00B968FE /* Frameworks */,
				5FCB184C2A0A9B0B00B968FE /* Resources */,
			);
			buildRules = (
			);
			dependencies = (
			);
			name = PantryApp;
			productName = PantryApp;
			productReference = 5FCB184E2A0A9B0B00B968FE /* PantryApp.app */;
			productType = "com.apple.product-type.application";
		};
/* End PBXNativeTarget section */

/* Begin PBXProject section */
		5FCB18462A0A9B0B00B968FE /* Project object */ = {
			isa = PBXProject;
			attributes = {
				BuildIndependentTargetsInParallel = 1;
				LastSwiftUpdateCheck = 1420;
				LastUpgradeCheck = 1420;
				TargetAttributes = {
					5FCB184D2A0A9B0B00B968FE = {
						CreatedOnToolsVersion = 14.2;
					};
				};
			};
			buildConfigurationList = 5FCB18492A0A9B0B00B968FE /* Build configuration list for PBXProject "PantryApp" */;
			compatibilityVersion = "Xcode 14.0";
			developmentRegion = en;
			hasScannedForEncodings = 0;
			knownRegions = (
				en,
				Base,
			);
			mainGroup = 5FCB18452A0A9B0B00B968FE;
			productRefGroup = 5FCB184F2A0A9B0B00B968FE /* Products */;
			projectDirPath = "";
			projectRoot = "";
			targets = (
				5FCB184D2A0A9B0B00B968FE /* PantryApp */,
			);
		};
/* End PBXProject section */

/* Begin PBXResourcesBuildPhase section */
		5FCB184C2A0A9B0B00B968FE /* Resources */ = {
			isa = PBXResourcesBuildPhase;
			buildActionMask = 2147483647;
			files = (
				5FCB18592A0A9B0C00B968FE /* Preview Assets.xcassets in Resources */,
				5FCB18562A0A9B0C00B968FE /* Assets.xcassets in Resources */,
			);
			runOnlyForDeploymentPostprocessing = 0;
		};
/* End PBXResourcesBuildPhase section */

/* Begin PBXSourcesBuildPhase section */
		5FCB184A2A0A9B0B00B968FE /* Sources */ = {
			isa = PBXSourcesBuildPhase;
			buildActionMask = 2147483647;
			files = (
				5F8195A22A1D068300C06B32 /* HomeWidget.swift in Sources */,
				5F81958B2A1D058E00C06B32 /* PhotoDeviceManager.swift in Sources */,
				5F8195872A1D055300C06B32 /* HomeView.swift in Sources */,
				5F8195972A1D060100C06B32 /* RegisterViewModel.swift in Sources */,
				5FCB18522A0A9B0B00B968FE /* PantryApp.swift in Sources */,
				5F8195932A1D05DA00C06B32 /* RegisterView.swift in Sources */,
				5F81958D2A1D059F00C06B32 /* Pantry.swift in Sources */,
				5F8195992A1D062700C06B32 /* LoginView.swift in Sources */,
				5F81959F2A1D066A00C06B32 /* RegisterWidget.swift in Sources */,
				5F8195AB2A1D070400C06B32 /* OnBoardingViewModel.swift in Sources */,
				5F8195892A1D055F00C06B32 /* HomeViewModel.swift in Sources */,
				5F81959B2A1D064300C06B32 /* LoginViewModel.swift in Sources */,
				5F81959D2A1D065C00C06B32 /* LoginWidget.swift in Sources */,
				5F8195A92A1D06F100C06B32 /* OnBoardingView.swift in Sources */,
				5F8195AD2A1D071900C06B32 /* OnBoardingWidget.swift in Sources */,
			);
			runOnlyForDeploymentPostprocessing = 0;
		};
/* End PBXSourcesBuildPhase section */

/* Begin XCBuildConfiguration section */
		5FCB185A2A0A9B0C00B968FE /* Debug */ = {
			isa = XCBuildConfiguration;
			buildSettings = {
				ALWAYS_SEARCH_USER_PATHS = NO;
				CLANG_ANALYZER_NONNULL = YES;
				CLANG_ANALYZER_NUMBER_OBJECT_CONVERSION = YES_AGGRESSIVE;
				CLANG_CXX_LANGUAGE_STANDARD = "gnu++20";
				CLANG_ENABLE_MODULES = YES;
				CLANG_ENABLE_OBJC_ARC = YES;
				CLANG_ENABLE_OBJC_WEAK = YES;
				CLANG_WARN_BLOCK_CAPTURE_AUTORELEASING = YES;
				CLANG_WARN_BOOL_CONVERSION = YES;
				CLANG_WARN_COMMA = YES;
				CLANG_WARN_CONSTANT_CONVERSION = YES;
				CLANG_WARN_DEPRECATED_OBJC_IMPLEMENTATIONS = YES;
				CLANG_WARN_DIRECT_OBJC_ISA_USAGE = YES_ERROR;
				CLANG_WARN_DOCUMENTATION_COMMENTS = YES;
				CLANG_WARN_EMPTY_BODY = YES;
				CLANG_WARN_ENUM_CONVERSION = YES;
				CLANG_WARN_INFINITE_RECURSION = YES;
				CLANG_WARN_INT_CONVERSION = YES;
				CLANG_WARN_NON_LITERAL_NULL_CONVERSION = YES;
				CLANG_WARN_OBJC_IMPLICIT_RETAIN_SELF = YES;
				CLANG_WARN_OBJC_LITERAL_CONVERSION = YES;
				CLANG_WARN_OBJC_ROOT_CLASS = YES_ERROR;
				CLANG_WARN_QUOTED_INCLUDE_IN_FRAMEWORK_HEADER = YES;
				CLANG_WARN_RANGE_LOOP_ANALYSIS = YES;
				CLANG_WARN_STRICT_PROTOTYPES = YES;
				CLANG_WARN_SUSPICIOUS_MOVE = YES;
				CLANG_WARN_UNGUARDED_AVAILABILITY = YES_AGGRESSIVE;
				CLANG_WARN_UNREACHABLE_CODE = YES;
				CLANG_WARN__DUPLICATE_METHOD_MATCH = YES;
				COPY_PHASE_STRIP = NO;
				DEBUG_INFORMATION_FORMAT = dwarf;
				ENABLE_STRICT_OBJC_MSGSEND = YES;
				ENABLE_TESTABILITY = YES;
				GCC_C_LANGUAGE_STANDARD = gnu11;
				GCC_DYNAMIC_NO_PIC = NO;
				GCC_NO_COMMON_BLOCKS = YES;
				GCC_OPTIMIZATION_LEVEL = 0;
				GCC_PREPROCESSOR_DEFINITIONS = (
					"DEBUG=1",
					"$(inherited)",
				);
				GCC_WARN_64_TO_32_BIT_CONVERSION = YES;
				GCC_WARN_ABOUT_RETURN_TYPE = YES_ERROR;
				GCC_WARN_UNDECLARED_SELECTOR = YES;
				GCC_WARN_UNINITIALIZED_AUTOS = YES_AGGRESSIVE;
				GCC_WARN_UNUSED_FUNCTION = YES;
				GCC_WARN_UNUSED_VARIABLE = YES;
				IPHONEOS_DEPLOYMENT_TARGET = 16.2;
				MTL_ENABLE_DEBUG_INFO = INCLUDE_SOURCE;
				MTL_FAST_MATH = YES;
				ONLY_ACTIVE_ARCH = YES;
				SDKROOT = iphoneos;
				SWIFT_ACTIVE_COMPILATION_CONDITIONS = DEBUG;
				SWIFT_OPTIMIZATION_LEVEL = "-Onone";
			};
			name = Debug;
		};
		5FCB185B2A0A9B0C00B968FE /* Release */ = {
			isa = XCBuildConfiguration;
			buildSettings = {
				ALWAYS_SEARCH_USER_PATHS = NO;
				CLANG_ANALYZER_NONNULL = YES;
				CLANG_ANALYZER_NUMBER_OBJECT_CONVERSION = YES_AGGRESSIVE;
				CLANG_CXX_LANGUAGE_STANDARD = "gnu++20";
				CLANG_ENABLE_MODULES = YES;
				CLANG_ENABLE_OBJC_ARC = YES;
				CLANG_ENABLE_OBJC_WEAK = YES;
				CLANG_WARN_BLOCK_CAPTURE_AUTORELEASING = YES;
				CLANG_WARN_BOOL_CONVERSION = YES;
				CLANG_WARN_COMMA = YES;
				CLANG_WARN_CONSTANT_CONVERSION = YES;
				CLANG_WARN_DEPRECATED_OBJC_IMPLEMENTATIONS = YES;
				CLANG_WARN_DIRECT_OBJC_ISA_USAGE = YES_ERROR;
				CLANG_WARN_DOCUMENTATION_COMMENTS = YES;
				CLANG_WARN_EMPTY_BODY = YES;
				CLANG_WARN_ENUM_CONVERSION = YES;
				CLANG_WARN_INFINITE_RECURSION = YES;
				CLANG_WARN_INT_CONVERSION = YES;
				CLANG_WARN_NON_LITERAL_NULL_CONVERSION = YES;
				CLANG_WARN_OBJC_IMPLICIT_RETAIN_SELF = YES;
				CLANG_WARN_OBJC_LITERAL_CONVERSION = YES;
				CLANG_WARN_OBJC_ROOT_CLASS = YES_ERROR;
				CLANG_WARN_QUOTED_INCLUDE_IN_FRAMEWORK_HEADER = YES;
				CLANG_WARN_RANGE_LOOP_ANALYSIS = YES;
				CLANG_WARN_STRICT_PROTOTYPES = YES;
				CLANG_WARN_SUSPICIOUS_MOVE = YES;
				CLANG_WARN_UNGUARDED_AVAILABILITY = YES_AGGRESSIVE;
				CLANG_WARN_UNREACHABLE_CODE = YES;
				CLANG_WARN__DUPLICATE_METHOD_MATCH = YES;
				COPY_PHASE_STRIP = NO;
				DEBUG_INFORMATION_FORMAT = "dwarf-with-dsym";
				ENABLE_NS_ASSERTIONS = NO;
				ENABLE_STRICT_OBJC_MSGSEND = YES;
				GCC_C_LANGUAGE_STANDARD = gnu11;
				GCC_NO_COMMON_BLOCKS = YES;
				GCC_WARN_64_TO_32_BIT_CONVERSION = YES;
				GCC_WARN_ABOUT_RETURN_TYPE = YES_ERROR;
				GCC_WARN_UNDECLARED_SELECTOR = YES;
				GCC_WARN_UNINITIALIZED_AUTOS = YES_AGGRESSIVE;
				GCC_WARN_UNUSED_FUNCTION = YES;
				GCC_WARN_UNUSED_VARIABLE = YES;
				IPHONEOS_DEPLOYMENT_TARGET = 16.2;
				MTL_ENABLE_DEBUG_INFO = NO;
				MTL_FAST_MATH = YES;
				SDKROOT = iphoneos;
				SWIFT_COMPILATION_MODE = wholemodule;
				SWIFT_OPTIMIZATION_LEVEL = "-O";
				VALIDATE_PRODUCT = YES;
			};
			name = Release;
		};
		5FCB185D2A0A9B0C00B968FE /* Debug */ = {
			isa = XCBuildConfiguration;
			buildSettings = {
				ASSETCATALOG_COMPILER_APPICON_NAME = AppIcon;
				ASSETCATALOG_COMPILER_GLOBAL_ACCENT_COLOR_NAME = AccentColor;
				CODE_SIGN_STYLE = Automatic;
				CURRENT_PROJECT_VERSION = 1;
				DEVELOPMENT_ASSET_PATHS = "\"PantryApp/Preview Content\"";
				DEVELOPMENT_TEAM = 7F9M4VSS6H;
				ENABLE_PREVIEWS = YES;
				GENERATE_INFOPLIST_FILE = YES;
				INFOPLIST_KEY_UIApplicationSceneManifest_Generation = YES;
				INFOPLIST_KEY_UIApplicationSupportsIndirectInputEvents = YES;
				INFOPLIST_KEY_UILaunchScreen_Generation = YES;
				INFOPLIST_KEY_UISupportedInterfaceOrientations_iPad = "UIInterfaceOrientationPortrait UIInterfaceOrientationPortraitUpsideDown UIInterfaceOrientationLandscapeLeft UIInterfaceOrientationLandscapeRight";
				INFOPLIST_KEY_UISupportedInterfaceOrientations_iPhone = "UIInterfaceOrientationPortrait UIInterfaceOrientationLandscapeLeft UIInterfaceOrientationLandscapeRight";
				LD_RUNPATH_SEARCH_PATHS = (
					"$(inherited)",
					"@executable_path/Frameworks",
				);
				MARKETING_VERSION = 1.0;
				PRODUCT_BUNDLE_IDENTIFIER = com.mathieu.scrumdinger.PantryApp;
				PRODUCT_NAME = "$(TARGET_NAME)";
				SWIFT_EMIT_LOC_STRINGS = YES;
				SWIFT_VERSION = 5.0;
				TARGETED_DEVICE_FAMILY = "1,2";
			};
			name = Debug;
		};
		5FCB185E2A0A9B0C00B968FE /* Release */ = {
			isa = XCBuildConfiguration;
			buildSettings = {
				ASSETCATALOG_COMPILER_APPICON_NAME = AppIcon;
				ASSETCATALOG_COMPILER_GLOBAL_ACCENT_COLOR_NAME = AccentColor;
				CODE_SIGN_STYLE = Automatic;
				CURRENT_PROJECT_VERSION = 1;
				DEVELOPMENT_ASSET_PATHS = "\"PantryApp/Preview Content\"";
				DEVELOPMENT_TEAM = 7F9M4VSS6H;
				ENABLE_PREVIEWS = YES;
				GENERATE_INFOPLIST_FILE = YES;
				INFOPLIST_KEY_UIApplicationSceneManifest_Generation = YES;
				INFOPLIST_KEY_UIApplicationSupportsIndirectInputEvents = YES;
				INFOPLIST_KEY_UILaunchScreen_Generation = YES;
				INFOPLIST_KEY_UISupportedInterfaceOrientations_iPad = "UIInterfaceOrientationPortrait UIInterfaceOrientationPortraitUpsideDown UIInterfaceOrientationLandscapeLeft UIInterfaceOrientationLandscapeRight";
				INFOPLIST_KEY_UISupportedInterfaceOrientations_iPhone = "UIInterfaceOrientationPortrait UIInterfaceOrientationLandscapeLeft UIInterfaceOrientationLandscapeRight";
				LD_RUNPATH_SEARCH_PATHS = (
					"$(inherited)",
					"@executable_path/Frameworks",
				);
				MARKETING_VERSION = 1.0;
				PRODUCT_BUNDLE_IDENTIFIER = com.mathieu.scrumdinger.PantryApp;
				PRODUCT_NAME = "$(TARGET_NAME)";
				SWIFT_EMIT_LOC_STRINGS = YES;
				SWIFT_VERSION = 5.0;
				TARGETED_DEVICE_FAMILY = "1,2";
			};
			name = Release;
		};
/* End XCBuildConfiguration section */

/* Begin XCConfigurationList section */
		5FCB18492A0A9B0B00B968FE /* Build configuration list for PBXProject "PantryApp" */ = {
			isa = XCConfigurationList;
			buildConfigurations = (
				5FCB185A2A0A9B0C00B968FE /* Debug */,
				5FCB185B2A0A9B0C00B968FE /* Release */,
			);
			defaultConfigurationIsVisible = 0;
			defaultConfigurationName = Release;
		};
		5FCB185C2A0A9B0C00B968FE /* Build configuration list for PBXNativeTarget "PantryApp" */ = {
			isa = XCConfigurationList;
			buildConfigurations = (
				5FCB185D2A0A9B0C00B968FE /* Debug */,
				5FCB185E2A0A9B0C00B968FE /* Release */,
			);
			defaultConfigurationIsVisible = 0;
			defaultConfigurationName = Release;
		};
/* End XCConfigurationList section */
	};
	rootObject = 5FCB18462A0A9B0B00B968FE /* Project object */;
}
